
Microsoft Visual Studio Solution File, Format Version 12.00
# Visual Studio Express 2013 for Windows Desktop
VisualStudioVersion = 12.0.21005.1
MinimumVisualStudioVersion = 10.0.40219.1
Project("{FAE04EC0-301F-11D3-BF4B-00C04F79EFBC}") = "ClassLibrary1", "ClassLibrary1\ClassLibrary1.csproj", "{296B0481-5AC2-47C8-A01B-9BBE63F26127}"
EndProject
Project("{FAE04EC0-301F-11D3-BF4B-00C04F79EFBC}") = "ClassLibrary2", "ClassLibrary2\ClassLibrary2.csproj", "{897143F6-414E-4CC6-ACE7-4C7C869EDB8C}"
EndProject
Project("{FAE04EC0-301F-11D3-BF4B-00C04F79EFBC}") = "ClassLibrary3", "ClassLibrary3\ClassLibrary3.csproj", "{01D26633-C7A3-4663-B270-2F6B46FD90A2}"
EndProject
Project("{FAE04EC0-301F-11D3-BF4B-00C04F79EFBC}") = "ClassLibrary4", "ClassLibrary4\ClassLibrary4.csproj", "{1CB25504-1D93-48E1-B621-F3AD96F3FA4C}"
EndProject
Project("{FAE04EC0-301F-11D3-BF4B-00C04F79EFBC}") = "HostApplication", "HostApplication\HostApplication.csproj", "{A2EC46FF-71BC-434A-973B-5F4D2FCDEFE1}"
EndProject
Project("{FAE04EC0-301F-11D3-BF4B-00C04F79EFBC}") = "ClientApplication", "ClientApplication\ClientApplication.csproj", "{95D9551D-D83C-4A37-AEB9-C58394ACC8DD}"
EndProject
Global
	GlobalSection(SolutionConfigurationPlatforms) = preSolution
		Debug|Any CPU = Debug|Any CPU
		Release|Any CPU = Release|Any CPU
	EndGlobalSection
	GlobalSection(ProjectConfigurationPlatforms) = postSolution
		{296B0481-5AC2-47C8-A01B-9BBE63F26127}.Debug|Any CPU.ActiveCfg = Debug|Any CPU
		{296B0481-5AC2-47C8-A01B-9BBE63F26127}.Debug|Any CPU.Build.0 = Debug|Any CPU
		{296B0481-5AC2-47C8-A01B-9BBE63F26127}.Release|Any CPU.ActiveCfg = Release|Any CPU
		{296B0481-5AC2-47C8-A01B-9BBE63F26127}.Release|Any CPU.Build.0 = Release|Any CPU
		{897143F6-414E-4CC6-ACE7-4C7C869EDB8C}.Debug|Any CPU.ActiveCfg = Debug|Any CPU
		{897143F6-414E-4CC6-ACE7-4C7C869EDB8C}.Debug|Any CPU.Build.0 = Debug|Any CPU
		{897143F6-414E-4CC6-ACE7-4C7C869EDB8C}.Release|Any CPU.ActiveCfg = Release|Any CPU
		{897143F6-414E-4CC6-ACE7-4C7C869EDB8C}.Release|Any CPU.Build.0 = Release|Any CPU
		{01D26633-C7A3-4663-B270-2F6B46FD90A2}.Debug|Any CPU.ActiveCfg = Debug|Any CPU
		{01D26633-C7A3-4663-B270-2F6B46FD90A2}.Debug|Any CPU.Build.0 = Debug|Any CPU
		{01D26633-C7A3-4663-B270-2F6B46FD90A2}.Release|Any CPU.ActiveCfg = Release|Any CPU
		{01D26633-C7A3-4663-B270-2F6B46FD90A2}.Release|Any CPU.Build.0 = Release|Any CPU
		{1CB25504-1D93-48E1-B621-F3AD96F3FA4C}.Debug|Any CPU.ActiveCfg = Debug|Any CPU
		{1CB25504-1D93-48E1-B621-F3AD96F3FA4C}.Debug|Any CPU.Build.0 = Debug|Any CPU
		{1CB25504-1D93-48E1-B621-F3AD96F3FA4C}.Release|Any CPU.ActiveCfg = Release|Any CPU
		{1CB25504-1D93-48E1-B621-F3AD96F3FA4C}.Release|Any CPU.Build.0 = Release|Any CPU
		{A2EC46FF-71BC-434A-973B-5F4D2FCDEFE1}.Debug|Any CPU.ActiveCfg = Debug|Any CPU
		{A2EC46FF-71BC-434A-973B-5F4D2FCDEFE1}.Debug|Any CPU.Build.0 = Debug|Any CPU
		{A2EC46FF-71BC-434A-973B-5F4D2FCDEFE1}.Release|Any CPU.ActiveCfg = Release|Any CPU
		{A2EC46FF-71BC-434A-973B-5F4D2FCDEFE1}.Release|Any CPU.Build.0 = Release|Any CPU
		{95D9551D-D83C-4A37-AEB9-C58394ACC8DD}.Debug|Any CPU.ActiveCfg = Debug|Any CPU
		{95D9551D-D83C-4A37-AEB9-C58394ACC8DD}.Debug|Any CPU.Build.0 = Debug|Any CPU
		{95D9551D-D83C-4A37-AEB9-C58394ACC8DD}.Release|Any CPU.ActiveCfg = Release|Any CPU
		{95D9551D-D83C-4A37-AEB9-C58394ACC8DD}.Release|Any CPU.Build.0 = Release|Any CPU
	EndGlobalSection
	GlobalSection(SolutionProperties) = preSolution
		HideSolutionNode = FALSE
	EndGlobalSection
EndGlobal
