
Microsoft Visual Studio Solution File, Format Version 12.00
# Visual Studio 2013
VisualStudioVersion = 12.0.30501.0
MinimumVisualStudioVersion = 10.0.40219.1
Project("{FAE04EC0-301F-11D3-BF4B-00C04F79EFBC}") = "Task5", "Task5\Task5.csproj", "{C6B5F9B4-02B7-43DB-8021-3C939E99179D}"
EndProject
Project("{FAE04EC0-301F-11D3-BF4B-00C04F79EFBC}") = "Task5TestProject", "Task5TestProject\Task5TestProject.csproj", "{924C9768-E9D1-4DBD-9D12-7124CC60BB3D}"
EndProject
Global
	GlobalSection(SolutionConfigurationPlatforms) = preSolution
		Debug|Any CPU = Debug|Any CPU
		Release|Any CPU = Release|Any CPU
	EndGlobalSection
	GlobalSection(ProjectConfigurationPlatforms) = postSolution
		{C6B5F9B4-02B7-43DB-8021-3C939E99179D}.Debug|Any CPU.ActiveCfg = Debug|Any CPU
		{C6B5F9B4-02B7-43DB-8021-3C939E99179D}.Debug|Any CPU.Build.0 = Debug|Any CPU
		{C6B5F9B4-02B7-43DB-8021-3C939E99179D}.Release|Any CPU.ActiveCfg = Release|Any CPU
		{C6B5F9B4-02B7-43DB-8021-3C939E99179D}.Release|Any CPU.Build.0 = Release|Any CPU
		{924C9768-E9D1-4DBD-9D12-7124CC60BB3D}.Debug|Any CPU.ActiveCfg = Debug|Any CPU
		{924C9768-E9D1-4DBD-9D12-7124CC60BB3D}.Debug|Any CPU.Build.0 = Debug|Any CPU
		{924C9768-E9D1-4DBD-9D12-7124CC60BB3D}.Release|Any CPU.ActiveCfg = Release|Any CPU
		{924C9768-E9D1-4DBD-9D12-7124CC60BB3D}.Release|Any CPU.Build.0 = Release|Any CPU
	EndGlobalSection
	GlobalSection(SolutionProperties) = preSolution
		HideSolutionNode = FALSE
	EndGlobalSection
EndGlobal
