
Microsoft Visual Studio Solution File, Format Version 12.00
# Visual Studio Express 2013 for Windows Desktop
VisualStudioVersion = 12.0.21005.1
MinimumVisualStudioVersion = 10.0.40219.1
Project("{FAE04EC0-301F-11D3-BF4B-00C04F79EFBC}") = "ClassLibrary1", "ClassLibrary1\ClassLibrary1.csproj", "{4FF64898-DD96-4E5F-947D-1698B7620F32}"
EndProject
Project("{FAE04EC0-301F-11D3-BF4B-00C04F79EFBC}") = "ClassLibrary2", "ClassLibrary2\ClassLibrary2.csproj", "{DC6D36C7-7A11-4C40-A5C7-B345E4AD70C7}"
EndProject
Project("{FAE04EC0-301F-11D3-BF4B-00C04F79EFBC}") = "MainApplication", "MainApplication\MainApplication.csproj", "{150A369C-E830-4E73-9064-73C12A4950AE}"
EndProject
Global
	GlobalSection(SolutionConfigurationPlatforms) = preSolution
		Debug|Any CPU = Debug|Any CPU
		Release|Any CPU = Release|Any CPU
	EndGlobalSection
	GlobalSection(ProjectConfigurationPlatforms) = postSolution
		{4FF64898-DD96-4E5F-947D-1698B7620F32}.Debug|Any CPU.ActiveCfg = Debug|Any CPU
		{4FF64898-DD96-4E5F-947D-1698B7620F32}.Debug|Any CPU.Build.0 = Debug|Any CPU
		{4FF64898-DD96-4E5F-947D-1698B7620F32}.Release|Any CPU.ActiveCfg = Release|Any CPU
		{4FF64898-DD96-4E5F-947D-1698B7620F32}.Release|Any CPU.Build.0 = Release|Any CPU
		{DC6D36C7-7A11-4C40-A5C7-B345E4AD70C7}.Debug|Any CPU.ActiveCfg = Debug|Any CPU
		{DC6D36C7-7A11-4C40-A5C7-B345E4AD70C7}.Debug|Any CPU.Build.0 = Debug|Any CPU
		{DC6D36C7-7A11-4C40-A5C7-B345E4AD70C7}.Release|Any CPU.ActiveCfg = Release|Any CPU
		{DC6D36C7-7A11-4C40-A5C7-B345E4AD70C7}.Release|Any CPU.Build.0 = Release|Any CPU
		{150A369C-E830-4E73-9064-73C12A4950AE}.Debug|Any CPU.ActiveCfg = Debug|Any CPU
		{150A369C-E830-4E73-9064-73C12A4950AE}.Debug|Any CPU.Build.0 = Debug|Any CPU
		{150A369C-E830-4E73-9064-73C12A4950AE}.Release|Any CPU.ActiveCfg = Release|Any CPU
		{150A369C-E830-4E73-9064-73C12A4950AE}.Release|Any CPU.Build.0 = Release|Any CPU
	EndGlobalSection
	GlobalSection(SolutionProperties) = preSolution
		HideSolutionNode = FALSE
	EndGlobalSection
EndGlobal
